{
  "name": "ara-util",
  "version": "1.0.0",
  "lockfileVersion": 1,
  "requires": true,
  "dependencies": {
    "did-uri": {
      "version": "0.2.5",
      "resolved": "https://registry.npmjs.org/did-uri/-/did-uri-0.2.5.tgz",
      "integrity": "sha512-cb7y7c2v+q23wU4cWx5nyJSzcOXqday3Pz1vpxIUR8Yh7JOjYekWaQFs9MI4zTx2x/rBVVAaoEFJjB/M6WOlAQ==",
      "requires": {
        "qs": "^6.5.1"
      }
    },
    "has-did-method": {
      "version": "0.1.0",
      "resolved": "https://registry.npmjs.org/has-did-method/-/has-did-method-0.1.0.tgz",
      "integrity": "sha512-Wg1+aHStYKJN45l8i3uFDURYVVbMevnDpZXAXmyHZlJhNxLC6DPIkwqgBvs4Dp1n272knPZKGb3loowwLAS3JA==",
      "requires": {
        "did-uri": "^0.2.4"
      }
    },
    "qs": {
      "version": "6.5.2",
      "resolved": "https://registry.npmjs.org/qs/-/qs-6.5.2.tgz",
      "integrity": "sha512-N5ZAX4/LxJmF+7wN74pUD6qAh9/wnvdQcjq9TZjevvXzSUo7bfmw91saqMjzGS2xq91/odN2dW/WOl7qQHNDGA=="
    }
  }
}
